lockfileVersion: '9.0'

settings:
  autoInstallPeers: true
  excludeLinksFromLockfile: false

importers:

  .:
    dependencies:
      '@rowanmanning/feed-parser':
        specifier: ^2.1.1
        version: 2.1.1
      env-paths:
        specifier: ^3.0.0
        version: 3.0.0
      yaml:
        specifier: ^2.8.2
        version: 2.8.2
      zod:
        specifier: ^4.1.13
        version: 4.1.13

packages:

  '@rowanmanning/feed-parser@2.1.1':
    resolution: {integrity: sha512-OFxb37OaQ8ki1VQt/FtrDw74nY2epU9He0QOCzkfc/FxbeulCJo7SbZNiDw2ruwnISuO7PhDsZ69DdWzCVEIsA==}
    engines: {node: 20.x || 22.x || 24.x}

  env-paths@3.0.0:
    resolution: {integrity: sha512-dtJUTepzMW3Lm/NPxRf3wP4642UWhjL2sQxc+ym2YMj1m/H2zDNQOlezafzkHwn6sMstjHTwG6iQQsctDW/b1A==}
    engines: {node: ^12.20.0 || ^14.13.1 || >=16.0.0}

  fast-xml-parser@5.3.3:
    resolution: {integrity: sha512-2O3dkPAAC6JavuMm8+4+pgTk+5hoAs+CjZ+sWcQLkX9+/tHRuTkQh/Oaifr8qDmZ8iEHb771Ea6G8CdwkrgvYA==}
    hasBin: true

  html-entities@2.6.0:
    resolution: {integrity: sha512-kig+rMn/QOVRvr7c86gQ8lWXq+Hkv6CbAH1hLu+RG338StTpE8Z0b44SDVaqVu7HGKf27frdmUYEs9hTUX/cLQ==}

  strnum@2.1.2:
    resolution: {integrity: sha512-l63NF9y/cLROq/yqKXSLtcMeeyOfnSQlfMSlzFt/K73oIaD8DGaQWd7Z34X9GPiKqP5rbSh84Hl4bOlLcjiSrQ==}

  yaml@2.8.2:
    resolution: {integrity: sha512-mplynKqc1C2hTVYxd0PU2xQAc22TI1vShAYGksCCfxbn/dFwnHTNi1bvYsBTkhdUNtGIf5xNOg938rrSSYvS9A==}
    engines: {node: '>= 14.6'}
    hasBin: true

  zod@4.1.13:
    resolution: {integrity: sha512-AvvthqfqrAhNH9dnfmrfKzX5upOdjUVJYFqNSlkmGf64gRaTzlPwz99IHYnVs28qYAybvAlBV+H7pn0saFY4Ig==}

snapshots:

  '@rowanmanning/feed-parser@2.1.1':
    dependencies:
      fast-xml-parser: 5.3.3
      html-entities: 2.6.0

  env-paths@3.0.0: {}

  fast-xml-parser@5.3.3:
    dependencies:
      strnum: 2.1.2

  html-entities@2.6.0: {}

  strnum@2.1.2: {}

  yaml@2.8.2: {}

  zod@4.1.13: {}
